// !$*UTF8*$!
{
	archiveVersion = 1;
	classes = {
	};
	objectVersion = 46;
	objects = {

/* Begin PBXBuildFile section */
		3CC1FA4B193717870052E827 /* Foundation.framework in Frameworks */ = {isa = PBXBuildFile; fileRef = 3CC1FA4A193717870052E827 /* Foundation.framework */; };
		3CC1FA4D193717870052E827 /* CoreGraphics.framework in Frameworks */ = {isa = PBXBuildFile; fileRef = 3CC1FA4C193717870052E827 /* CoreGraphics.framework */; };
		3CC1FA4F193717870052E827 /* UIKit.framework in Frameworks */ = {isa = PBXBuildFile; fileRef = 3CC1FA4E193717870052E827 /* UIKit.framework */; };
		3CC1FA55193717870052E827 /* InfoPlist.strings in Resources */ = {isa = PBXBuildFile; fileRef = 3CC1FA53193717870052E827 /* InfoPlist.strings */; };
		3CC1FA57193717870052E827 /* main.m in Sources */ = {isa = PBXBuildFile; fileRef = 3CC1FA56193717870052E827 /* main.m */; };
		3CC1FA5B193717870052E827 /* AppDelegate.m in Sources */ = {isa = PBXBuildFile; fileRef = 3CC1FA5A193717870052E827 /* AppDelegate.m */; };
		3CC1FA5E193717870052E827 /* Main.storyboard in Resources */ = {isa = PBXBuildFile; fileRef = 3CC1FA5C193717870052E827 /* Main.storyboard */; };
		3CC1FA61193717870052E827 /* ViewController.m in Sources */ = {isa = PBXBuildFile; fileRef = 3CC1FA60193717870052E827 /* ViewController.m */; };
		3CC1FA63193717870052E827 /* Images.xcassets in Resources */ = {isa = PBXBuildFile; fileRef = 3CC1FA62193717870052E827 /* Images.xcassets */; };
		3CC1FA6A193717870052E827 /* XCTest.framework in Frameworks */ = {isa = PBXBuildFile; fileRef = 3CC1FA69193717870052E827 /* XCTest.framework */; };
		3CC1FA6B193717870052E827 /* Foundation.framework in Frameworks */ = {isa = PBXBuildFile; fileRef = 3CC1FA4A193717870052E827 /* Foundation.framework */; };
		3CC1FA6C193717870052E827 /* UIKit.framework in Frameworks */ = {isa = PBXBuildFile; fileRef = 3CC1FA4E193717870052E827 /* UIKit.framework */; };
		3CC1FA74193717870052E827 /* InfoPlist.strings in Resources */ = {isa = PBXBuildFile; fileRef = 3CC1FA72193717870052E827 /* InfoPlist.strings */; };
		3CC1FA76193717870052E827 /* SwipeTests.m in Sources */ = {isa = PBXBuildFile; fileRef = 3CC1FA75193717870052E827 /* SwipeTests.m */; };
/* End PBXBuildFile section */

/* Begin PBXContainerItemProxy section */
		3CC1FA6D193717870052E827 /* PBXContainerItemProxy */ = {
			isa = PBXContainerItemProxy;
			containerPortal = 3CC1FA3F193717870052E827 /* Project object */;
			proxyType = 1;
			remoteGlobalIDString = 3CC1FA46193717870052E827;
			remoteInfo = Swipe;
		};
/* End PBXContainerItemProxy section */

/* Begin PBXFileReference section */
		3CC1FA47193717870052E827 /* Swipe.app */ = {isa = PBXFileReference; explicitFileType = wrapper.application; includeInIndex = 0; path = Swipe.app; sourceTree = BUILT_PRODUCTS_DIR; };
		3CC1FA4A193717870052E827 /* Foundation.framework */ = {isa = PBXFileReference; lastKnownFileType = wrapper.framework; name = Foundation.framework; path = System/Library/Frameworks/Foundation.framework; sourceTree = SDKROOT; };
		3CC1FA4C193717870052E827 /* CoreGraphics.framework */ = {isa = PBXFileReference; lastKnownFileType = wrapper.framework; name = CoreGraphics.framework; path = System/Library/Frameworks/CoreGraphics.framework; sourceTree = SDKROOT; };
		3CC1FA4E193717870052E827 /* UIKit.framework */ = {isa = PBXFileReference; lastKnownFileType = wrapper.framework; name = UIKit.framework; path = System/Library/Frameworks/UIKit.framework; sourceTree = SDKROOT; };
		3CC1FA52193717870052E827 /* Swipe-Info.plist */ = {isa = PBXFileReference; lastKnownFileType = text.plist.xml; path = "Swipe-Info.plist"; sourceTree = "<group>"; };
		3CC1FA54193717870052E827 /* en */ = {isa = PBXFileReference; lastKnownFileType = text.plist.strings; name = en; path = en.lproj/InfoPlist.strings; sourceTree = "<group>"; };
		3CC1FA56193717870052E827 /* main.m */ = {isa = PBXFileReference; lastKnownFileType = sourcecode.c.objc; path = main.m; sourceTree = "<group>"; };
		3CC1FA58193717870052E827 /* Swipe-Prefix.pch */ = {isa = PBXFileReference; lastKnownFileType = sourcecode.c.h; path = "Swipe-Prefix.pch"; sourceTree = "<group>"; };
		3CC1FA59193717870052E827 /* AppDelegate.h */ = {isa = PBXFileReference; lastKnownFileType = sourcecode.c.h; path = AppDelegate.h; sourceTree = "<group>"; };
		3CC1FA5A193717870052E827 /* AppDelegate.m */ = {isa = PBXFileReference; lastKnownFileType = sourcecode.c.objc; path = AppDelegate.m; sourceTree = "<group>"; };
		3CC1FA5D193717870052E827 /* Base */ = {isa = PBXFileReference; lastKnownFileType = file.storyboard; name = Base; path = Base.lproj/Main.storyboard; sourceTree = "<group>"; };
		3CC1FA5F193717870052E827 /* ViewController.h */ = {isa = PBXFileReference; lastKnownFileType = sourcecode.c.h; path = ViewController.h; sourceTree = "<group>"; };
		3CC1FA60193717870052E827 /* ViewController.m */ = {isa = PBXFileReference; lastKnownFileType = sourcecode.c.objc; path = ViewController.m; sourceTree = "<group>"; };
		3CC1FA62193717870052E827 /* Images.xcassets */ = {isa = PBXFileReference; lastKnownFileType = folder.assetcatalog; path = Images.xcassets; sourceTree = "<group>"; };
		3CC1FA68193717870052E827 /* SwipeTests.xctest */ = {isa = PBXFileReference; explicitFileType = wrapper.cfbundle; includeInIndex = 0; path = SwipeTests.xctest; sourceTree = BUILT_PRODUCTS_DIR; };
		3CC1FA69193717870052E827 /* XCTest.framework */ = {isa = PBXFileReference; lastKnownFileType = wrapper.framework; name = XCTest.framework; path = Library/Frameworks/XCTest.framework; sourceTree = DEVELOPER_DIR; };
		3CC1FA71193717870052E827 /* SwipeTests-Info.plist */ = {isa = PBXFileReference; lastKnownFileType = text.plist.xml; path = "SwipeTests-Info.plist"; sourceTree = "<group>"; };
		3CC1FA73193717870052E827 /* en */ = {isa = PBXFileReference; lastKnownFileType = text.plist.strings; name = en; path = en.lproj/InfoPlist.strings; sourceTree = "<group>"; };
		3CC1FA75193717870052E827 /* SwipeTests.m */ = {isa = PBXFileReference; lastKnownFileType = sourcecode.c.objc; path = SwipeTests.m; sourceTree = "<group>"; };
/* End PBXFileReference section */

/* Begin PBXFrameworksBuildPhase section */
		3CC1FA44193717870052E827 /* Frameworks */ = {
			isa = PBXFrameworksBuildPhase;
			buildActionMask = 2147483647;
			files = (
				3CC1FA4D193717870052E827 /* CoreGraphics.framework in Frameworks */,
				3CC1FA4F193717870052E827 /* UIKit.framework in Frameworks */,
				3CC1FA4B193717870052E827 /* Foundation.framework in Frameworks */,
			);
			runOnlyForDeploymentPostprocessing = 0;
		};
		3CC1FA65193717870052E827 /* Frameworks */ = {
			isa = PBXFrameworksBuildPhase;
			buildActionMask = 2147483647;
			files = (
				3CC1FA6A193717870052E827 /* XCTest.framework in Frameworks */,
				3CC1FA6C193717870052E827 /* UIKit.framework in Frameworks */,
				3CC1FA6B193717870052E827 /* Foundation.framework in Frameworks */,
			);
			runOnlyForDeploymentPostprocessing = 0;
		};
/* End PBXFrameworksBuildPhase section */

/* Begin PBXGroup section */
		3CC1FA3E193717870052E827 = {
			isa = PBXGroup;
			children = (
				3CC1FA50193717870052E827 /* Swipe */,
				3CC1FA6F193717870052E827 /* SwipeTests */,
				3CC1FA49193717870052E827 /* Frameworks */,
				3CC1FA48193717870052E827 /* Products */,
			);
			sourceTree = "<group>";
		};
		3CC1FA48193717870052E827 /* Products */ = {
			isa = PBXGroup;
			children = (
				3CC1FA47193717870052E827 /* Swipe.app */,
				3CC1FA68193717870052E827 /* SwipeTests.xctest */,
			);
			name = Products;
			sourceTree = "<group>";
		};
		3CC1FA49193717870052E827 /* Frameworks */ = {
			isa = PBXGroup;
			children = (
				3CC1FA4A193717870052E827 /* Foundation.framework */,
				3CC1FA4C193717870052E827 /* CoreGraphics.framework */,
				3CC1FA4E193717870052E827 /* UIKit.framework */,
				3CC1FA69193717870052E827 /* XCTest.framework */,
			);
			name = Frameworks;
			sourceTree = "<group>";
		};
		3CC1FA50193717870052E827 /* Swipe */ = {
			isa = PBXGroup;
			children = (
				3CC1FA59193717870052E827 /* AppDelegate.h */,
				3CC1FA5A193717870052E827 /* AppDelegate.m */,
				3CC1FA5C193717870052E827 /* Main.storyboard */,
				3CC1FA5F193717870052E827 /* ViewController.h */,
				3CC1FA60193717870052E827 /* ViewController.m */,
				3CC1FA62193717870052E827 /* Images.xcassets */,
				3CC1FA51193717870052E827 /* Supporting Files */,
			);
			path = Swipe;
			sourceTree = "<group>";
		};
		3CC1FA51193717870052E827 /* Supporting Files */ = {
			isa = PBXGroup;
			children = (
				3CC1FA52193717870052E827 /* Swipe-Info.plist */,
				3CC1FA53193717870052E827 /* InfoPlist.strings */,
				3CC1FA56193717870052E827 /* main.m */,
				3CC1FA58193717870052E827 /* Swipe-Prefix.pch */,
			);
			name = "Supporting Files";
			sourceTree = "<group>";
		};
		3CC1FA6F193717870052E827 /* SwipeTests */ = {
			isa = PBXGroup;
			children = (
				3CC1FA75193717870052E827 /* SwipeTests.m */,
				3CC1FA70193717870052E827 /* Supporting Files */,
			);
			path = SwipeTests;
			sourceTree = "<group>";
		};
		3CC1FA70193717870052E827 /* Supporting Files */ = {
			isa = PBXGroup;
			children = (
				3CC1FA71193717870052E827 /* SwipeTests-Info.plist */,
				3CC1FA72193717870052E827 /* InfoPlist.strings */,
			);
			name = "Supporting Files";
			sourceTree = "<group>";
		};
/* End PBXGroup section */

/* Begin PBXNativeTarget section */
		3CC1FA46193717870052E827 /* Swipe */ = {
			isa = PBXNativeTarget;
			buildConfigurationList = 3CC1FA79193717870052E827 /* Build configuration list for PBXNativeTarget "Swipe" */;
			buildPhases = (
				3CC1FA43193717870052E827 /* Sources */,
				3CC1FA44193717870052E827 /* Frameworks */,
				3CC1FA45193717870052E827 /* Resources */,
			);
			buildRules = (
			);
			dependencies = (
			);
			name = Swipe;
			productName = Swipe;
			productReference = 3CC1FA47193717870052E827 /* Swipe.app */;
			productType = "com.apple.product-type.application";
		};
		3CC1FA67193717870052E827 /* SwipeTests */ = {
			isa = PBXNativeTarget;
			buildConfigurationList = 3CC1FA7C193717870052E827 /* Build configuration list for PBXNativeTarget "SwipeTests" */;
			buildPhases = (
				3CC1FA64193717870052E827 /* Sources */,
				3CC1FA65193717870052E827 /* Frameworks */,
				3CC1FA66193717870052E827 /* Resources */,
			);
			buildRules = (
			);
			dependencies = (
				3CC1FA6E193717870052E827 /* PBXTargetDependency */,
			);
			name = SwipeTests;
			productName = SwipeTests;
			productReference = 3CC1FA68193717870052E827 /* SwipeTests.xctest */;
			productType = "com.apple.product-type.bundle.unit-test";
		};
/* End PBXNativeTarget section */

/* Begin PBXProject section */
		3CC1FA3F193717870052E827 /* Project object */ = {
			isa = PBXProject;
			attributes = {
				LastUpgradeCheck = 0510;
				ORGANIZATIONNAME = Hispark;
				TargetAttributes = {
					3CC1FA67193717870052E827 = {
						TestTargetID = 3CC1FA46193717870052E827;
					};
				};
			};
			buildConfigurationList = 3CC1FA42193717870052E827 /* Build configuration list for PBXProject "Swipe" */;
			compatibilityVersion = "Xcode 3.2";
			developmentRegion = English;
			hasScannedForEncodings = 0;
			knownRegions = (
				en,
				Base,
			);
			mainGroup = 3CC1FA3E193717870052E827;
			productRefGroup = 3CC1FA48193717870052E827 /* Products */;
			projectDirPath = "";
			projectRoot = "";
			targets = (
				3CC1FA46193717870052E827 /* Swipe */,
				3CC1FA67193717870052E827 /* SwipeTests */,
			);
		};
/* End PBXProject section */

/* Begin PBXResourcesBuildPhase section */
		3CC1FA45193717870052E827 /* Resources */ = {
			isa = PBXResourcesBuildPhase;
			buildActionMask = 2147483647;
			files = (
				3CC1FA63193717870052E827 /* Images.xcassets in Resources */,
				3CC1FA55193717870052E827 /* InfoPlist.strings in Resources */,
				3CC1FA5E193717870052E827 /* Main.storyboard in Resources */,
			);
			runOnlyForDeploymentPostprocessing = 0;
		};
		3CC1FA66193717870052E827 /* Resources */ = {
			isa = PBXResourcesBuildPhase;
			buildActionMask = 2147483647;
			files = (
				3CC1FA74193717870052E827 /* InfoPlist.strings in Resources */,
			);
			runOnlyForDeploymentPostprocessing = 0;
		};
/* End PBXResourcesBuildPhase section */

/* Begin PBXSourcesBuildPhase section */
		3CC1FA43193717870052E827 /* Sources */ = {
			isa = PBXSourcesBuildPhase;
			buildActionMask = 2147483647;
			files = (
				3CC1FA61193717870052E827 /* ViewController.m in Sources */,
				3CC1FA5B193717870052E827 /* AppDelegate.m in Sources */,
				3CC1FA57193717870052E827 /* main.m in Sources */,
			);
			runOnlyForDeploymentPostprocessing = 0;
		};
		3CC1FA64193717870052E827 /* Sources */ = {
			isa = PBXSourcesBuildPhase;
			buildActionMask = 2147483647;
			files = (
				3CC1FA76193717870052E827 /* SwipeTests.m in Sources */,
			);
			runOnlyForDeploymentPostprocessing = 0;
		};
/* End PBXSourcesBuildPhase section */

/* Begin PBXTargetDependency section */
		3CC1FA6E193717870052E827 /* PBXTargetDependency */ = {
			isa = PBXTargetDependency;
			target = 3CC1FA46193717870052E827 /* Swipe */;
			targetProxy = 3CC1FA6D193717870052E827 /* PBXContainerItemProxy */;
		};
/* End PBXTargetDependency section */

/* Begin PBXVariantGroup section */
		3CC1FA53193717870052E827 /* InfoPlist.strings */ = {
			isa = PBXVariantGroup;
			children = (
				3CC1FA54193717870052E827 /* en */,
			);
			name = InfoPlist.strings;
			sourceTree = "<group>";
		};
		3CC1FA5C193717870052E827 /* Main.storyboard */ = {
			isa = PBXVariantGroup;
			children = (
				3CC1FA5D193717870052E827 /* Base */,
			);
			name = Main.storyboard;
			sourceTree = "<group>";
		};
		3CC1FA72193717870052E827 /* InfoPlist.strings */ = {
			isa = PBXVariantGroup;
			children = (
				3CC1FA73193717870052E827 /* en */,
			);
			name = InfoPlist.strings;
			sourceTree = "<group>";
		};
/* End PBXVariantGroup section */

/* Begin XCBuildConfiguration section */
		3CC1FA77193717870052E827 /* Debug */ = {
			isa = XCBuildConfiguration;
			buildSettings = {
				ALWAYS_SEARCH_USER_PATHS = NO;
				CLANG_CXX_LANGUAGE_STANDARD = "gnu++0x";
				CLANG_CXX_LIBRARY = "libc++";
				CLANG_ENABLE_MODULES = YES;
				CLANG_ENABLE_OBJC_ARC = YES;
				CLANG_WARN_BOOL_CONVERSION = YES;
				CLANG_WARN_CONSTANT_CONVERSION = YES;
				CLANG_WARN_DIRECT_OBJC_ISA_USAGE = YES_ERROR;
				CLANG_WARN_EMPTY_BODY = YES;
				CLANG_WARN_ENUM_CONVERSION = YES;
				CLANG_WARN_INT_CONVERSION = YES;
				CLANG_WARN_OBJC_ROOT_CLASS = YES_ERROR;
				CLANG_WARN__DUPLICATE_METHOD_MATCH = YES;
				"CODE_SIGN_IDENTITY[sdk=iphoneos*]" = "iPhone Developer";
				COPY_PHASE_STRIP = NO;
				GCC_C_LANGUAGE_STANDARD = gnu99;
				GCC_DYNAMIC_NO_PIC = NO;
				GCC_OPTIMIZATION_LEVEL = 0;
				GCC_PREPROCESSOR_DEFINITIONS = (
					"DEBUG=1",
					"$(inherited)",
				);
				GCC_SYMBOLS_PRIVATE_EXTERN = NO;
				GCC_WARN_64_TO_32_BIT_CONVERSION = YES;
				GCC_WARN_ABOUT_RETURN_TYPE = YES_ERROR;
				GCC_WARN_UNDECLARED_SELECTOR = YES;
				GCC_WARN_UNINITIALIZED_AUTOS = YES_AGGRESSIVE;
				GCC_WARN_UNUSED_FUNCTION = YES;
				GCC_WARN_UNUSED_VARIABLE = YES;
				IPHONEOS_DEPLOYMENT_TARGET = 7.1;
				ONLY_ACTIVE_ARCH = YES;
				SDKROOT = iphoneos;
			};
			name = Debug;
		};
		3CC1FA78193717870052E827 /* Release */ = {
			isa = XCBuildConfiguration;
			buildSettings = {
				ALWAYS_SEARCH_USER_PATHS = NO;
				CLANG_CXX_LANGUAGE_STANDARD = "gnu++0x";
				CLANG_CXX_LIBRARY = "libc++";
				CLANG_ENABLE_MODULES = YES;
				CLANG_ENABLE_OBJC_ARC = YES;
				CLANG_WARN_BOOL_CONVERSION = YES;
				CLANG_WARN_CONSTANT_CONVERSION = YES;
				CLANG_WARN_DIRECT_OBJC_ISA_USAGE = YES_ERROR;
				CLANG_WARN_EMPTY_BODY = YES;
				CLANG_WARN_ENUM_CONVERSION = YES;
				CLANG_WARN_INT_CONVERSION = YES;
				CLANG_WARN_OBJC_ROOT_CLASS = YES_ERROR;
				CLANG_WARN__DUPLICATE_METHOD_MATCH = YES;
				"CODE_SIGN_IDENTITY[sdk=iphoneos*]" = "iPhone Developer";
				COPY_PHASE_STRIP = YES;
				ENABLE_NS_ASSERTIONS = NO;
				GCC_C_LANGUAGE_STANDARD = gnu99;
				GCC_WARN_64_TO_32_BIT_CONVERSION = YES;
				GCC_WARN_ABOUT_RETURN_TYPE = YES_ERROR;
				GCC_WARN_UNDECLARED_SELECTOR = YES;
				GCC_WARN_UNINITIALIZED_AUTOS = YES_AGGRESSIVE;
				GCC_WARN_UNUSED_FUNCTION = YES;
				GCC_WARN_UNUSED_VARIABLE = YES;
				IPHONEOS_DEPLOYMENT_TARGET = 7.1;
				SDKROOT = iphoneos;
				VALIDATE_PRODUCT = YES;
			};
			name = Release;
		};
		3CC1FA7A193717870052E827 /* Debug */ = {
			isa = XCBuildConfiguration;
			buildSettings = {
				ASSETCATALOG_COMPILER_APPICON_NAME = AppIcon;
				ASSETCATALOG_COMPILER_LAUNCHIMAGE_NAME = LaunchImage;
				GCC_PRECOMPILE_PREFIX_HEADER = YES;
				GCC_PREFIX_HEADER = "Swipe/Swipe-Prefix.pch";
				INFOPLIST_FILE = "Swipe/Swipe-Info.plist";
				PRODUCT_NAME = "$(TARGET_NAME)";
				WRAPPER_EXTENSION = app;
			};
			name = Debug;
		};
		3CC1FA7B193717870052E827 /* Release */ = {
			isa = XCBuildConfiguration;
			buildSettings = {
				ASSETCATALOG_COMPILER_APPICON_NAME = AppIcon;
				ASSETCATALOG_COMPILER_LAUNCHIMAGE_NAME = LaunchImage;
				GCC_PRECOMPILE_PREFIX_HEADER = YES;
				GCC_PREFIX_HEADER = "Swipe/Swipe-Prefix.pch";
				INFOPLIST_FILE = "Swipe/Swipe-Info.plist";
				PRODUCT_NAME = "$(TARGET_NAME)";
				WRAPPER_EXTENSION = app;
			};
			name = Release;
		};
		3CC1FA7D193717870052E827 /* Debug */ = {
			isa = XCBuildConfiguration;
			buildSettings = {
				BUNDLE_LOADER = "$(BUILT_PRODUCTS_DIR)/Swipe.app/Swipe";
				FRAMEWORK_SEARCH_PATHS = (
					"$(SDKROOT)/Developer/Library/Frameworks",
					"$(inherited)",
					"$(DEVELOPER_FRAMEWORKS_DIR)",
				);
				GCC_PRECOMPILE_PREFIX_HEADER = YES;
				GCC_PREFIX_HEADER = "Swipe/Swipe-Prefix.pch";
				GCC_PREPROCESSOR_DEFINITIONS = (
					"DEBUG=1",
					"$(inherited)",
				);
				INFOPLIST_FILE = "SwipeTests/SwipeTests-Info.plist";
				PRODUCT_NAME = "$(TARGET_NAME)";
				TEST_HOST = "$(BUNDLE_LOADER)";
				WRAPPER_EXTENSION = xctest;
			};
			name = Debug;
		};
		3CC1FA7E193717870052E827 /* Release */ = {
			isa = XCBuildConfiguration;
			buildSettings = {
				BUNDLE_LOADER = "$(BUILT_PRODUCTS_DIR)/Swipe.app/Swipe";
				FRAMEWORK_SEARCH_PATHS = (
					"$(SDKROOT)/Developer/Library/Frameworks",
					"$(inherited)",
					"$(DEVELOPER_FRAMEWORKS_DIR)",
				);
				GCC_PRECOMPILE_PREFIX_HEADER = YES;
				GCC_PREFIX_HEADER = "Swipe/Swipe-Prefix.pch";
				INFOPLIST_FILE = "SwipeTests/SwipeTests-Info.plist";
				PRODUCT_NAME = "$(TARGET_NAME)";
				TEST_HOST = "$(BUNDLE_LOADER)";
				WRAPPER_EXTENSION = xctest;
			};
			name = Release;
		};
/* End XCBuildConfiguration section */

/* Begin XCConfigurationList section */
		3CC1FA42193717870052E827 /* Build configuration list for PBXProject "Swipe" */ = {
			isa = XCConfigurationList;
			buildConfigurations = (
				3CC1FA77193717870052E827 /* Debug */,
				3CC1FA78193717870052E827 /* Release */,
			);
			defaultConfigurationIsVisible = 0;
			defaultConfigurationName = Release;
		};
		3CC1FA79193717870052E827 /* Build configuration list for PBXNativeTarget "Swipe" */ = {
			isa = XCConfigurationList;
			buildConfigurations = (
				3CC1FA7A193717870052E827 /* Debug */,
				3CC1FA7B193717870052E827 /* Release */,
			);
			defaultConfigurationIsVisible = 0;
		};
		3CC1FA7C193717870052E827 /* Build configuration list for PBXNativeTarget "SwipeTests" */ = {
			isa = XCConfigurationList;
			buildConfigurations = (
				3CC1FA7D193717870052E827 /* Debug */,
				3CC1FA7E193717870052E827 /* Release */,
			);
			defaultConfigurationIsVisible = 0;
		};
/* End XCConfigurationList section */
	};
	rootObject = 3CC1FA3F193717870052E827 /* Project object */;
}
